
Microsoft Visual Studio Solution File, Format Version 12.00
# Visual Studio Version 17
VisualStudioVersion = 17.12.35527.113
MinimumVisualStudioVersion = 10.0.40219.1
Project("{FAE04EC0-301F-11D3-BF4B-00C04F79EFBC}") = "Yacaba", "Yacaba\Yacaba.csproj", "{ACA5CC57-A16C-4074-B64B-35A7065C2BF1}"
EndProject
Project("{FAE04EC0-301F-11D3-BF4B-00C04F79EFBC}") = "Yacaba.Shared", "Yacaba.Shared\Yacaba.Shared.csproj", "{E0FF6259-92E4-407E-AADB-A22783CF764D}"
EndProject
Project("{FAE04EC0-301F-11D3-BF4B-00C04F79EFBC}") = "Yacaba.Web", "Yacaba.Web\Yacaba.Web.csproj", "{A230E091-AECE-4FA7-A8B6-88EF8BB3BCAF}"
EndProject
Project("{FAE04EC0-301F-11D3-BF4B-00C04F79EFBC}") = "Yacaba.Web.Client", "Yacaba.Web.Client\Yacaba.Web.Client.csproj", "{B795E599-BF07-4DF2-87D6-0849652E2B9D}"
EndProject
Project("{FAE04EC0-301F-11D3-BF4B-00C04F79EFBC}") = "Yacaba.AppHost", "Yacaba.AppHost\Yacaba.AppHost.csproj", "{1D5C9F2A-473E-4B75-814E-CC174D6ED9B4}"
EndProject
Project("{FAE04EC0-301F-11D3-BF4B-00C04F79EFBC}") = "Yacaba.ServiceDefaults", "Yacaba.ServiceDefaults\Yacaba.ServiceDefaults.csproj", "{3425207E-DD02-4FA1-9202-39C201F778B6}"
EndProject
Project("{E53339B2-1760-4266-BCC7-CA923CBCF16C}") = "docker-compose", "docker-compose.dcproj", "{EF5F4357-6961-424E-A0D8-C000347C3A12}"
EndProject
Project("{FAE04EC0-301F-11D3-BF4B-00C04F79EFBC}") = "Yacaba.Domain", "Yacaba.Domain\Yacaba.Domain.csproj", "{90919298-8090-4170-9ED7-1382488ED330}"
EndProject
Project("{FAE04EC0-301F-11D3-BF4B-00C04F79EFBC}") = "Yacaba.Core", "Yacaba.Core\Yacaba.Core.csproj", "{60D3CB18-2053-4408-A057-CE01011911A5}"
EndProject
Project("{FAE04EC0-301F-11D3-BF4B-00C04F79EFBC}") = "Yacaba.EntityFramework", "Yacaba.EntityFramework\Yacaba.EntityFramework.csproj", "{06742FBA-4440-499A-8499-4833923FDADA}"
EndProject
Project("{FAE04EC0-301F-11D3-BF4B-00C04F79EFBC}") = "Yacaba.Storage", "Yacaba.Storage\Yacaba.Storage.csproj", "{A70B6719-38B7-4C11-83C6-1BA372146D28}"
EndProject
Project("{FAE04EC0-301F-11D3-BF4B-00C04F79EFBC}") = "Yacaba.EntityFramework.Postgresql", "Yacaba.EntityFramework.Postgresql\Yacaba.EntityFramework.Postgresql.csproj", "{BFB56226-3E17-40DE-99F9-432B988EE149}"
EndProject
Project("{FAE04EC0-301F-11D3-BF4B-00C04F79EFBC}") = "Yacaba.Infrastructure", "Yacaba.Infrastructure\Yacaba.Infrastructure.csproj", "{0AAAE15B-68AA-4135-9C4F-D47CAA7B347E}"
EndProject
Global
	GlobalSection(SolutionConfigurationPlatforms) = preSolution
		Debug|Any CPU = Debug|Any CPU
		Release|Any CPU = Release|Any CPU
	EndGlobalSection
	GlobalSection(ProjectConfigurationPlatforms) = postSolution
		{ACA5CC57-A16C-4074-B64B-35A7065C2BF1}.Debug|Any CPU.ActiveCfg = Debug|Any CPU
		{ACA5CC57-A16C-4074-B64B-35A7065C2BF1}.Debug|Any CPU.Build.0 = Debug|Any CPU
		{ACA5CC57-A16C-4074-B64B-35A7065C2BF1}.Release|Any CPU.ActiveCfg = Release|Any CPU
		{ACA5CC57-A16C-4074-B64B-35A7065C2BF1}.Release|Any CPU.Build.0 = Release|Any CPU
		{E0FF6259-92E4-407E-AADB-A22783CF764D}.Debug|Any CPU.ActiveCfg = Debug|Any CPU
		{E0FF6259-92E4-407E-AADB-A22783CF764D}.Debug|Any CPU.Build.0 = Debug|Any CPU
		{E0FF6259-92E4-407E-AADB-A22783CF764D}.Release|Any CPU.ActiveCfg = Release|Any CPU
		{E0FF6259-92E4-407E-AADB-A22783CF764D}.Release|Any CPU.Build.0 = Release|Any CPU
		{A230E091-AECE-4FA7-A8B6-88EF8BB3BCAF}.Debug|Any CPU.ActiveCfg = Debug|Any CPU
		{A230E091-AECE-4FA7-A8B6-88EF8BB3BCAF}.Debug|Any CPU.Build.0 = Debug|Any CPU
		{A230E091-AECE-4FA7-A8B6-88EF8BB3BCAF}.Release|Any CPU.ActiveCfg = Release|Any CPU
		{A230E091-AECE-4FA7-A8B6-88EF8BB3BCAF}.Release|Any CPU.Build.0 = Release|Any CPU
		{B795E599-BF07-4DF2-87D6-0849652E2B9D}.Debug|Any CPU.ActiveCfg = Debug|Any CPU
		{B795E599-BF07-4DF2-87D6-0849652E2B9D}.Debug|Any CPU.Build.0 = Debug|Any CPU
		{B795E599-BF07-4DF2-87D6-0849652E2B9D}.Release|Any CPU.ActiveCfg = Release|Any CPU
		{B795E599-BF07-4DF2-87D6-0849652E2B9D}.Release|Any CPU.Build.0 = Release|Any CPU
		{1D5C9F2A-473E-4B75-814E-CC174D6ED9B4}.Debug|Any CPU.ActiveCfg = Debug|Any CPU
		{1D5C9F2A-473E-4B75-814E-CC174D6ED9B4}.Debug|Any CPU.Build.0 = Debug|Any CPU
		{1D5C9F2A-473E-4B75-814E-CC174D6ED9B4}.Release|Any CPU.ActiveCfg = Release|Any CPU
		{1D5C9F2A-473E-4B75-814E-CC174D6ED9B4}.Release|Any CPU.Build.0 = Release|Any CPU
		{3425207E-DD02-4FA1-9202-39C201F778B6}.Debug|Any CPU.ActiveCfg = Debug|Any CPU
		{3425207E-DD02-4FA1-9202-39C201F778B6}.Debug|Any CPU.Build.0 = Debug|Any CPU
		{3425207E-DD02-4FA1-9202-39C201F778B6}.Release|Any CPU.ActiveCfg = Release|Any CPU
		{3425207E-DD02-4FA1-9202-39C201F778B6}.Release|Any CPU.Build.0 = Release|Any CPU
		{EF5F4357-6961-424E-A0D8-C000347C3A12}.Debug|Any CPU.ActiveCfg = Debug|Any CPU
		{EF5F4357-6961-424E-A0D8-C000347C3A12}.Debug|Any CPU.Build.0 = Debug|Any CPU
		{EF5F4357-6961-424E-A0D8-C000347C3A12}.Release|Any CPU.ActiveCfg = Release|Any CPU
		{EF5F4357-6961-424E-A0D8-C000347C3A12}.Release|Any CPU.Build.0 = Release|Any CPU
		{90919298-8090-4170-9ED7-1382488ED330}.Debug|Any CPU.ActiveCfg = Debug|Any CPU
		{90919298-8090-4170-9ED7-1382488ED330}.Debug|Any CPU.Build.0 = Debug|Any CPU
		{90919298-8090-4170-9ED7-1382488ED330}.Release|Any CPU.ActiveCfg = Release|Any CPU
		{90919298-8090-4170-9ED7-1382488ED330}.Release|Any CPU.Build.0 = Release|Any CPU
		{60D3CB18-2053-4408-A057-CE01011911A5}.Debug|Any CPU.ActiveCfg = Debug|Any CPU
		{60D3CB18-2053-4408-A057-CE01011911A5}.Debug|Any CPU.Build.0 = Debug|Any CPU
		{60D3CB18-2053-4408-A057-CE01011911A5}.Release|Any CPU.ActiveCfg = Release|Any CPU
		{60D3CB18-2053-4408-A057-CE01011911A5}.Release|Any CPU.Build.0 = Release|Any CPU
		{06742FBA-4440-499A-8499-4833923FDADA}.Debug|Any CPU.ActiveCfg = Debug|Any CPU
		{06742FBA-4440-499A-8499-4833923FDADA}.Debug|Any CPU.Build.0 = Debug|Any CPU
		{06742FBA-4440-499A-8499-4833923FDADA}.Release|Any CPU.ActiveCfg = Release|Any CPU
		{06742FBA-4440-499A-8499-4833923FDADA}.Release|Any CPU.Build.0 = Release|Any CPU
		{A70B6719-38B7-4C11-83C6-1BA372146D28}.Debug|Any CPU.ActiveCfg = Debug|Any CPU
		{A70B6719-38B7-4C11-83C6-1BA372146D28}.Debug|Any CPU.Build.0 = Debug|Any CPU
		{A70B6719-38B7-4C11-83C6-1BA372146D28}.Release|Any CPU.ActiveCfg = Release|Any CPU
		{A70B6719-38B7-4C11-83C6-1BA372146D28}.Release|Any CPU.Build.0 = Release|Any CPU
		{BFB56226-3E17-40DE-99F9-432B988EE149}.Debug|Any CPU.ActiveCfg = Debug|Any CPU
		{BFB56226-3E17-40DE-99F9-432B988EE149}.Debug|Any CPU.Build.0 = Debug|Any CPU
		{BFB56226-3E17-40DE-99F9-432B988EE149}.Release|Any CPU.ActiveCfg = Release|Any CPU
		{BFB56226-3E17-40DE-99F9-432B988EE149}.Release|Any CPU.Build.0 = Release|Any CPU
		{0AAAE15B-68AA-4135-9C4F-D47CAA7B347E}.Debug|Any CPU.ActiveCfg = Debug|Any CPU
		{0AAAE15B-68AA-4135-9C4F-D47CAA7B347E}.Debug|Any CPU.Build.0 = Debug|Any CPU
		{0AAAE15B-68AA-4135-9C4F-D47CAA7B347E}.Release|Any CPU.ActiveCfg = Release|Any CPU
		{0AAAE15B-68AA-4135-9C4F-D47CAA7B347E}.Release|Any CPU.Build.0 = Release|Any CPU
	EndGlobalSection
	GlobalSection(SolutionProperties) = preSolution
		HideSolutionNode = FALSE
	EndGlobalSection
EndGlobal
