
Microsoft Visual Studio Solution File, Format Version 12.00
# Visual Studio Version 17
VisualStudioVersion = 17.12.35527.113 d17.12
MinimumVisualStudioVersion = 10.0.40219.1
Project("{FAE04EC0-301F-11D3-BF4B-00C04F79EFBC}") = "Yacaba", "Yacaba\Yacaba.csproj", "{ACA5CC57-A16C-4074-B64B-35A7065C2BF1}"
EndProject
Project("{FAE04EC0-301F-11D3-BF4B-00C04F79EFBC}") = "Yacaba.Shared", "Yacaba.Shared\Yacaba.Shared.csproj", "{E0FF6259-92E4-407E-AADB-A22783CF764D}"
EndProject
Project("{FAE04EC0-301F-11D3-BF4B-00C04F79EFBC}") = "Yacaba.Web", "Yacaba.Web\Yacaba.Web.csproj", "{A230E091-AECE-4FA7-A8B6-88EF8BB3BCAF}"
EndProject
Project("{FAE04EC0-301F-11D3-BF4B-00C04F79EFBC}") = "Yacaba.Web.Client", "Yacaba.Web.Client\Yacaba.Web.Client.csproj", "{B795E599-BF07-4DF2-87D6-0849652E2B9D}"
EndProject
Global
	GlobalSection(SolutionConfigurationPlatforms) = preSolution
		Debug|Any CPU = Debug|Any CPU
		Release|Any CPU = Release|Any CPU
	EndGlobalSection
	GlobalSection(ProjectConfigurationPlatforms) = postSolution
		{ACA5CC57-A16C-4074-B64B-35A7065C2BF1}.Debug|Any CPU.ActiveCfg = Debug|Any CPU
		{ACA5CC57-A16C-4074-B64B-35A7065C2BF1}.Debug|Any CPU.Build.0 = Debug|Any CPU
		{ACA5CC57-A16C-4074-B64B-35A7065C2BF1}.Release|Any CPU.ActiveCfg = Release|Any CPU
		{ACA5CC57-A16C-4074-B64B-35A7065C2BF1}.Release|Any CPU.Build.0 = Release|Any CPU
		{E0FF6259-92E4-407E-AADB-A22783CF764D}.Debug|Any CPU.ActiveCfg = Debug|Any CPU
		{E0FF6259-92E4-407E-AADB-A22783CF764D}.Debug|Any CPU.Build.0 = Debug|Any CPU
		{E0FF6259-92E4-407E-AADB-A22783CF764D}.Release|Any CPU.ActiveCfg = Release|Any CPU
		{E0FF6259-92E4-407E-AADB-A22783CF764D}.Release|Any CPU.Build.0 = Release|Any CPU
		{A230E091-AECE-4FA7-A8B6-88EF8BB3BCAF}.Debug|Any CPU.ActiveCfg = Debug|Any CPU
		{A230E091-AECE-4FA7-A8B6-88EF8BB3BCAF}.Debug|Any CPU.Build.0 = Debug|Any CPU
		{A230E091-AECE-4FA7-A8B6-88EF8BB3BCAF}.Release|Any CPU.ActiveCfg = Release|Any CPU
		{A230E091-AECE-4FA7-A8B6-88EF8BB3BCAF}.Release|Any CPU.Build.0 = Release|Any CPU
		{B795E599-BF07-4DF2-87D6-0849652E2B9D}.Debug|Any CPU.ActiveCfg = Debug|Any CPU
		{B795E599-BF07-4DF2-87D6-0849652E2B9D}.Debug|Any CPU.Build.0 = Debug|Any CPU
		{B795E599-BF07-4DF2-87D6-0849652E2B9D}.Release|Any CPU.ActiveCfg = Release|Any CPU
		{B795E599-BF07-4DF2-87D6-0849652E2B9D}.Release|Any CPU.Build.0 = Release|Any CPU
	EndGlobalSection
	GlobalSection(SolutionProperties) = preSolution
		HideSolutionNode = FALSE
	EndGlobalSection
EndGlobal
